
Microsoft Visual Studio Solution File, Format Version 12.00
# Visual Studio Version 17
VisualStudioVersion = 17.3.32819.101
MinimumVisualStudioVersion = 10.0.40219.1
Project("{FAE04EC0-301F-11D3-BF4B-00C04F79EFBC}") = "ClientAgeCalculator", "ClientAgeCalculator\ClientAgeCalculator.csproj", "{15DF6448-6611-48AB-A41E-2C8C808F734E}"
EndProject
Global
	GlobalSection(SolutionConfigurationPlatforms) = preSolution
		Debug|Any CPU = Debug|Any CPU
		Release|Any CPU = Release|Any CPU
	EndGlobalSection
	GlobalSection(ProjectConfigurationPlatforms) = postSolution
		{15DF6448-6611-48AB-A41E-2C8C808F734E}.Debug|Any CPU.ActiveCfg = Debug|Any CPU
		{15DF6448-6611-48AB-A41E-2C8C808F734E}.Debug|Any CPU.Build.0 = Debug|Any CPU
		{15DF6448-6611-48AB-A41E-2C8C808F734E}.Release|Any CPU.ActiveCfg = Release|Any CPU
		{15DF6448-6611-48AB-A41E-2C8C808F734E}.Release|Any CPU.Build.0 = Release|Any CPU
	EndGlobalSection
	GlobalSection(SolutionProperties) = preSolution
		HideSolutionNode = FALSE
	EndGlobalSection
	GlobalSection(ExtensibilityGlobals) = postSolution
		SolutionGuid = {3C8E204A-7F99-4147-BDF8-4280D1201B11}
	EndGlobalSection
EndGlobal
